
Microsoft Visual Studio Solution File, Format Version 12.00
# Visual Studio Version 17
VisualStudioVersion = 17.3.32929.385
MinimumVisualStudioVersion = 10.0.40219.1
Project("{9A19103F-16F7-4668-BE54-9A1E7A4F7556}") = "Domain", "Domain\Domain.csproj", "{56815928-1FFD-4AEA-97A3-E71011C50F57}"
EndProject
Project("{9A19103F-16F7-4668-BE54-9A1E7A4F7556}") = "Application", "Application\Application.csproj", "{0C061E52-E2D4-46EB-879F-A6F8A4D07CD6}"
EndProject
Project("{9A19103F-16F7-4668-BE54-9A1E7A4F7556}") = "Infrastructure", "Infrastructure\Infrastructure.csproj", "{AA923879-2462-46D8-9DAF-113EFB047097}"
EndProject
Project("{9A19103F-16F7-4668-BE54-9A1E7A4F7556}") = "Presentation", "Presentation\Presentation.csproj", "{F939D294-6748-4048-8669-7B12B2A38617}"
EndProject
Project("{9A19103F-16F7-4668-BE54-9A1E7A4F7556}") = "FurnitureWebAPI", "FurnitureWebAPI\FurnitureWebAPI.csproj", "{08CE0787-1966-451E-BAB7-70D9BE02AA83}"
EndProject
Project("{FAE04EC0-301F-11D3-BF4B-00C04F79EFBC}") = "ApplicationTests", "ApplicationTests\ApplicationTests.csproj", "{C02866DE-F2C6-4BB4-978A-DE92285A0344}"
EndProject
Global
	GlobalSection(SolutionConfigurationPlatforms) = preSolution
		Debug|Any CPU = Debug|Any CPU
		Release|Any CPU = Release|Any CPU
	EndGlobalSection
	GlobalSection(ProjectConfigurationPlatforms) = postSolution
		{56815928-1FFD-4AEA-97A3-E71011C50F57}.Debug|Any CPU.ActiveCfg = Debug|Any CPU
		{56815928-1FFD-4AEA-97A3-E71011C50F57}.Debug|Any CPU.Build.0 = Debug|Any CPU
		{56815928-1FFD-4AEA-97A3-E71011C50F57}.Release|Any CPU.ActiveCfg = Release|Any CPU
		{56815928-1FFD-4AEA-97A3-E71011C50F57}.Release|Any CPU.Build.0 = Release|Any CPU
		{0C061E52-E2D4-46EB-879F-A6F8A4D07CD6}.Debug|Any CPU.ActiveCfg = Debug|Any CPU
		{0C061E52-E2D4-46EB-879F-A6F8A4D07CD6}.Debug|Any CPU.Build.0 = Debug|Any CPU
		{0C061E52-E2D4-46EB-879F-A6F8A4D07CD6}.Release|Any CPU.ActiveCfg = Release|Any CPU
		{0C061E52-E2D4-46EB-879F-A6F8A4D07CD6}.Release|Any CPU.Build.0 = Release|Any CPU
		{AA923879-2462-46D8-9DAF-113EFB047097}.Debug|Any CPU.ActiveCfg = Debug|Any CPU
		{AA923879-2462-46D8-9DAF-113EFB047097}.Debug|Any CPU.Build.0 = Debug|Any CPU
		{AA923879-2462-46D8-9DAF-113EFB047097}.Release|Any CPU.ActiveCfg = Release|Any CPU
		{AA923879-2462-46D8-9DAF-113EFB047097}.Release|Any CPU.Build.0 = Release|Any CPU
		{F939D294-6748-4048-8669-7B12B2A38617}.Debug|Any CPU.ActiveCfg = Debug|Any CPU
		{F939D294-6748-4048-8669-7B12B2A38617}.Debug|Any CPU.Build.0 = Debug|Any CPU
		{F939D294-6748-4048-8669-7B12B2A38617}.Release|Any CPU.ActiveCfg = Release|Any CPU
		{F939D294-6748-4048-8669-7B12B2A38617}.Release|Any CPU.Build.0 = Release|Any CPU
		{08CE0787-1966-451E-BAB7-70D9BE02AA83}.Debug|Any CPU.ActiveCfg = Debug|Any CPU
		{08CE0787-1966-451E-BAB7-70D9BE02AA83}.Debug|Any CPU.Build.0 = Debug|Any CPU
		{08CE0787-1966-451E-BAB7-70D9BE02AA83}.Release|Any CPU.ActiveCfg = Release|Any CPU
		{08CE0787-1966-451E-BAB7-70D9BE02AA83}.Release|Any CPU.Build.0 = Release|Any CPU
		{C02866DE-F2C6-4BB4-978A-DE92285A0344}.Debug|Any CPU.ActiveCfg = Debug|Any CPU
		{C02866DE-F2C6-4BB4-978A-DE92285A0344}.Debug|Any CPU.Build.0 = Debug|Any CPU
		{C02866DE-F2C6-4BB4-978A-DE92285A0344}.Release|Any CPU.ActiveCfg = Release|Any CPU
		{C02866DE-F2C6-4BB4-978A-DE92285A0344}.Release|Any CPU.Build.0 = Release|Any CPU
	EndGlobalSection
	GlobalSection(SolutionProperties) = preSolution
		HideSolutionNode = FALSE
	EndGlobalSection
	GlobalSection(ExtensibilityGlobals) = postSolution
		SolutionGuid = {463AD619-20EE-4F68-9198-DBA04E924F3A}
	EndGlobalSection
EndGlobal
